
Microsoft Visual Studio Solution File, Format Version 12.00
# Visual Studio Version 17
VisualStudioVersion = 17.5.33516.290
MinimumVisualStudioVersion = 10.0.40219.1
Project("{FAE04EC0-301F-11D3-BF4B-00C04F79EFBC}") = "MoneyChecker", "MoneyChecker\MoneyChecker.csproj", "{C82E76F0-8F43-4A9B-BC7D-1C84837F4038}"
EndProject
Global
	GlobalSection(SolutionConfigurationPlatforms) = preSolution
		Debug|Any CPU = Debug|Any CPU
		Release|Any CPU = Release|Any CPU
	EndGlobalSection
	GlobalSection(ProjectConfigurationPlatforms) = postSolution
		{C82E76F0-8F43-4A9B-BC7D-1C84837F4038}.Debug|Any CPU.ActiveCfg = Debug|Any CPU
		{C82E76F0-8F43-4A9B-BC7D-1C84837F4038}.Debug|Any CPU.Build.0 = Debug|Any CPU
		{C82E76F0-8F43-4A9B-BC7D-1C84837F4038}.Release|Any CPU.ActiveCfg = Release|Any CPU
		{C82E76F0-8F43-4A9B-BC7D-1C84837F4038}.Release|Any CPU.Build.0 = Release|Any CPU
	EndGlobalSection
	GlobalSection(SolutionProperties) = preSolution
		HideSolutionNode = FALSE
	EndGlobalSection
	GlobalSection(ExtensibilityGlobals) = postSolution
		SolutionGuid = {0C444F44-9DC9-458F-B332-546D0244D8E4}
	EndGlobalSection
EndGlobal
